
Microsoft Visual Studio Solution File, Format Version 12.00
# Visual Studio Version 17
VisualStudioVersion = 17.7.34221.43
MinimumVisualStudioVersion = 10.0.40219.1
Project("{FAE04EC0-301F-11D3-BF4B-00C04F79EFBC}") = "ASP.NET.MVC", "ASP.NET.MVC\ASP.NET.MVC.csproj", "{E5867277-C864-4754-8DA8-B395954C95EE}"
EndProject
Global
	GlobalSection(SolutionConfigurationPlatforms) = preSolution
		Debug|Any CPU = Debug|Any CPU
		Release|Any CPU = Release|Any CPU
	EndGlobalSection
	GlobalSection(ProjectConfigurationPlatforms) = postSolution
		{E5867277-C864-4754-8DA8-B395954C95EE}.Debug|Any CPU.ActiveCfg = Debug|Any CPU
		{E5867277-C864-4754-8DA8-B395954C95EE}.Debug|Any CPU.Build.0 = Debug|Any CPU
		{E5867277-C864-4754-8DA8-B395954C95EE}.Release|Any CPU.ActiveCfg = Release|Any CPU
		{E5867277-C864-4754-8DA8-B395954C95EE}.Release|Any CPU.Build.0 = Release|Any CPU
	EndGlobalSection
	GlobalSection(SolutionProperties) = preSolution
		HideSolutionNode = FALSE
	EndGlobalSection
	GlobalSection(ExtensibilityGlobals) = postSolution
		SolutionGuid = {A6E88DFF-F100-493B-8A22-5F7882E6103D}
	EndGlobalSection
EndGlobal
